Microsoft Visual Studio Solution File, Format Version 12.00
# Visual Studio 2012
Project("{28A51917-7835-DA2F-EF82-2F3AF76BF7FD}") = "LearnMemoryGame2D", "Assembly-CSharp.csproj", "{36CCCBBD-ADCB-0437-FC62-210992BD025A}"
EndProject
Project("{28A51917-7835-DA2F-EF82-2F3AF76BF7FD}") = "LearnMemoryGame2D", "Assembly-CSharp-Editor-firstpass.csproj", "{6893EEE9-8908-704D-4003-C8E505D1138E}"
EndProject
Global
	GlobalSection(SolutionConfigurationPlatforms) = preSolution
		Debug|Any CPU = Debug|Any CPU
		Release|Any CPU = Release|Any CPU
	EndGlobalSection
	GlobalSection(ProjectConfigurationPlatforms) = postSolution
		{36CCCBBD-ADCB-0437-FC62-210992BD025A}.Debug|Any CPU.ActiveCfg = Debug|Any CPU
		{36CCCBBD-ADCB-0437-FC62-210992BD025A}.Debug|Any CPU.Build.0 = Debug|Any CPU
		{36CCCBBD-ADCB-0437-FC62-210992BD025A}.Release|Any CPU.ActiveCfg = Release|Any CPU
		{36CCCBBD-ADCB-0437-FC62-210992BD025A}.Release|Any CPU.Build.0 = Release|Any CPU
		{6893EEE9-8908-704D-4003-C8E505D1138E}.Debug|Any CPU.ActiveCfg = Debug|Any CPU
		{6893EEE9-8908-704D-4003-C8E505D1138E}.Debug|Any CPU.Build.0 = Debug|Any CPU
		{6893EEE9-8908-704D-4003-C8E505D1138E}.Release|Any CPU.ActiveCfg = Release|Any CPU
		{6893EEE9-8908-704D-4003-C8E505D1138E}.Release|Any CPU.Build.0 = Release|Any CPU
	EndGlobalSection
	GlobalSection(MonoDevelopProperties) = preSolution
		StartupItem = Assembly-CSharp.csproj
	EndGlobalSection
EndGlobal
